// !$*UTF8*$!
{
	archiveVersion = 1;
	classes = {
	};
	objectVersion = 56;
	objects = {

/* Begin PBXBuildFile section */
		8E8E68282D2B617B008CBB11 /* PostImageView.swift in Sources */ = {isa = PBXBuildFile; fileRef = 8E8E68272D2B617B008CBB11 /* PostImageView.swift */; };
		8E8E68292D2B617B008CBB11 /* HeaderView.swift in Sources */ = {isa = PBXBuildFile; fileRef = 8E8E68262D2B617B008CBB11 /* HeaderView.swift */; };
		C14227672D3A08F7006329E0 /* OptionsSheetView.swift in Sources */ = {isa = PBXBuildFile; fileRef = C14227652D3A08F7006329E0 /* OptionsSheetView.swift */; };
		C14227682D3A08F7006329E0 /* ProfileView.swift in Sources */ = {isa = PBXBuildFile; fileRef = C14227662D3A08F7006329E0 /* ProfileView.swift */; };
		C142276E2D3BDFA3006329E0 /* PostModel.swift in Sources */ = {isa = PBXBuildFile; fileRef = C142276D2D3BDF9D006329E0 /* PostModel.swift */; };
		ED19D3BB2D20E9ED00518929 /* Instagram_Copy_DemoApp.swift in Sources */ = {isa = PBXBuildFile; fileRef = ED19D3BA2D20E9ED00518929 /* Instagram_Copy_DemoApp.swift */; };
		ED19D3BD2D20E9ED00518929 /* ContentView.swift in Sources */ = {isa = PBXBuildFile; fileRef = ED19D3BC2D20E9ED00518929 /* ContentView.swift */; };
		ED19D3BF2D20E9EF00518929 /* Assets.xcassets in Resources */ = {isa = PBXBuildFile; fileRef = ED19D3BE2D20E9EF00518929 /* Assets.xcassets */; };
		ED19D3C22D20E9EF00518929 /* Preview Assets.xcassets in Resources */ = {isa = PBXBuildFile; fileRef = ED19D3C12D20E9EF00518929 /* Preview Assets.xcassets */; };
		ED243B492D2B686000BE07FB /* InteractionsBarView.swift in Sources */ = {isa = PBXBuildFile; fileRef = ED243B472D2B686000BE07FB /* InteractionsBarView.swift */; };
		ED243B4A2D2B686000BE07FB /* InteractionInfo.swift in Sources */ = {isa = PBXBuildFile; fileRef = ED243B482D2B686000BE07FB /* InteractionInfo.swift */; };
		ED4DC8EE2D2F11250029C5B9 /* Comment.swift in Sources */ = {isa = PBXBuildFile; fileRef = ED4DC8ED2D2F11250029C5B9 /* Comment.swift */; };
		ED7965782D23349C000E22AF /* DateFormatterExt.swift in Sources */ = {isa = PBXBuildFile; fileRef = ED7965772D23349C000E22AF /* DateFormatterExt.swift */; };
		ED79657A2D233FFE000E22AF /* CommentsSectionView.swift in Sources */ = {isa = PBXBuildFile; fileRef = ED7965792D233FFE000E22AF /* CommentsSectionView.swift */; };
		ED7E1DBA2D35763400B87D88 /* InteractionInfo+Ext.swift in Sources */ = {isa = PBXBuildFile; fileRef = ED7E1DB92D35763400B87D88 /* InteractionInfo+Ext.swift */; };
		ED89E0172D2D905700468E9B /* CommentView.swift in Sources */ = {isa = PBXBuildFile; fileRef = ED89E0162D2D905700468E9B /* CommentView.swift */; };
		ED9F15DC2D2301E9001B8997 /* PostDescriptionView.swift in Sources */ = {isa = PBXBuildFile; fileRef = ED9F15DB2D2301E9001B8997 /* PostDescriptionView.swift */; };
		EDC4E9FB2D30523C0017B05F /* PostViewModel.swift in Sources */ = {isa = PBXBuildFile; fileRef = EDC4E9FA2D30523C0017B05F /* PostViewModel.swift */; };
/* End PBXBuildFile section */

/* Begin PBXFileReference section */
		8E8E68262D2B617B008CBB11 /* HeaderView.swift */ = {isa = PBXFileReference; lastKnownFileType = sourcecode.swift; path = HeaderView.swift; sourceTree = "<group>"; };
		8E8E68272D2B617B008CBB11 /* PostImageView.swift */ = {isa = PBXFileReference; lastKnownFileType = sourcecode.swift; path = PostImageView.swift; sourceTree = "<group>"; };
		C14227652D3A08F7006329E0 /* OptionsSheetView.swift */ = {isa = PBXFileReference; lastKnownFileType = sourcecode.swift; path = OptionsSheetView.swift; sourceTree = "<group>"; };
		C14227662D3A08F7006329E0 /* ProfileView.swift */ = {isa = PBXFileReference; lastKnownFileType = sourcecode.swift; path = ProfileView.swift; sourceTree = "<group>"; };
		C142276D2D3BDF9D006329E0 /* PostModel.swift */ = {isa = PBXFileReference; lastKnownFileType = sourcecode.swift; path = PostModel.swift; sourceTree = "<group>"; };
		ED19D3B72D20E9ED00518929 /* Instagram_Copy_Demo.app */ = {isa = PBXFileReference; explicitFileType = wrapper.application; includeInIndex = 0; path = Instagram_Copy_Demo.app; sourceTree = BUILT_PRODUCTS_DIR; };
		ED19D3BA2D20E9ED00518929 /* Instagram_Copy_DemoApp.swift */ = {isa = PBXFileReference; lastKnownFileType = sourcecode.swift; path = Instagram_Copy_DemoApp.swift; sourceTree = "<group>"; };
		ED19D3BC2D20E9ED00518929 /* ContentView.swift */ = {isa = PBXFileReference; lastKnownFileType = sourcecode.swift; path = ContentView.swift; sourceTree = "<group>"; };
		ED19D3BE2D20E9EF00518929 /* Assets.xcassets */ = {isa = PBXFileReference; lastKnownFileType = folder.assetcatalog; path = Assets.xcassets; sourceTree = "<group>"; };
		ED19D3C12D20E9EF00518929 /* Preview Assets.xcassets */ = {isa = PBXFileReference; lastKnownFileType = folder.assetcatalog; path = "Preview Assets.xcassets"; sourceTree = "<group>"; };
		ED243B472D2B686000BE07FB /* InteractionsBarView.swift */ = {isa = PBXFileReference; fileEncoding = 4; lastKnownFileType = sourcecode.swift; path = InteractionsBarView.swift; sourceTree = "<group>"; };
		ED243B482D2B686000BE07FB /* InteractionInfo.swift */ = {isa = PBXFileReference; fileEncoding = 4; lastKnownFileType = sourcecode.swift; path = InteractionInfo.swift; sourceTree = "<group>"; };
		ED4DC8ED2D2F11250029C5B9 /* Comment.swift */ = {isa = PBXFileReference; lastKnownFileType = sourcecode.swift; path = Comment.swift; sourceTree = "<group>"; };
		ED7965772D23349C000E22AF /* DateFormatterExt.swift */ = {isa = PBXFileReference; lastKnownFileType = sourcecode.swift; path = DateFormatterExt.swift; sourceTree = "<group>"; };
		ED7965792D233FFE000E22AF /* CommentsSectionView.swift */ = {isa = PBXFileReference; lastKnownFileType = sourcecode.swift; path = CommentsSectionView.swift; sourceTree = "<group>"; };
		ED7E1DB92D35763400B87D88 /* InteractionInfo+Ext.swift */ = {isa = PBXFileReference; lastKnownFileType = sourcecode.swift; path = "InteractionInfo+Ext.swift"; sourceTree = "<group>"; };
		ED89E0162D2D905700468E9B /* CommentView.swift */ = {isa = PBXFileReference; lastKnownFileType = sourcecode.swift; path = CommentView.swift; sourceTree = "<group>"; };
		ED9F15DB2D2301E9001B8997 /* PostDescriptionView.swift */ = {isa = PBXFileReference; fileEncoding = 4; lastKnownFileType = sourcecode.swift; path = PostDescriptionView.swift; sourceTree = "<group>"; };
		EDC4E9FA2D30523C0017B05F /* PostViewModel.swift */ = {isa = PBXFileReference; lastKnownFileType = sourcecode.swift; path = PostViewModel.swift; sourceTree = "<group>"; };
/* End PBXFileReference section */

/* Begin PBXFrameworksBuildPhase section */
		ED19D3B42D20E9ED00518929 /* Frameworks */ = {
			isa = PBXFrameworksBuildPhase;
			buildActionMask = 2147483647;
			files = (
			);
			runOnlyForDeploymentPostprocessing = 0;
		};
/* End PBXFrameworksBuildPhase section */

/* Begin PBXGroup section */
		ED19D3AE2D20E9ED00518929 = {
			isa = PBXGroup;
			children = (
				ED19D3B92D20E9ED00518929 /* Instagram_Copy_Demo */,
				ED19D3B82D20E9ED00518929 /* Products */,
			);
			sourceTree = "<group>";
		};
		ED19D3B82D20E9ED00518929 /* Products */ = {
			isa = PBXGroup;
			children = (
				ED19D3B72D20E9ED00518929 /* Instagram_Copy_Demo.app */,
			);
			name = Products;
			sourceTree = "<group>";
		};
		ED19D3B92D20E9ED00518929 /* Instagram_Copy_Demo */ = {
			isa = PBXGroup;
			children = (
				EDC4E9F92D3050A90017B05F /* ViewModels */,
				ED7965762D23345A000E22AF /* Models */,
				ED9F15DA2D2301E9001B8997 /* Views */,
				ED19D3BA2D20E9ED00518929 /* Instagram_Copy_DemoApp.swift */,
				ED19D3BC2D20E9ED00518929 /* ContentView.swift */,
				ED19D3BE2D20E9EF00518929 /* Assets.xcassets */,
				ED19D3C02D20E9EF00518929 /* Preview Content */,
			);
			path = Instagram_Copy_Demo;
			sourceTree = "<group>";
		};
		ED19D3C02D20E9EF00518929 /* Preview Content */ = {
			isa = PBXGroup;
			children = (
				ED19D3C12D20E9EF00518929 /* Preview Assets.xcassets */,
			);
			path = "Preview Content";
			sourceTree = "<group>";
		};
		ED7965762D23345A000E22AF /* Models */ = {
			isa = PBXGroup;
			children = (
				C142276D2D3BDF9D006329E0 /* PostModel.swift */,
				ED7965772D23349C000E22AF /* DateFormatterExt.swift */,
				ED4DC8ED2D2F11250029C5B9 /* Comment.swift */,
			);
			path = Models;
			sourceTree = "<group>";
		};
		ED9F15DA2D2301E9001B8997 /* Views */ = {
			isa = PBXGroup;
			children = (
				C14227652D3A08F7006329E0 /* OptionsSheetView.swift */,
				C14227662D3A08F7006329E0 /* ProfileView.swift */,
				8E8E68262D2B617B008CBB11 /* HeaderView.swift */,
				ED243B482D2B686000BE07FB /* InteractionInfo.swift */,
				ED7E1DB92D35763400B87D88 /* InteractionInfo+Ext.swift */,
				ED243B472D2B686000BE07FB /* InteractionsBarView.swift */,
				8E8E68272D2B617B008CBB11 /* PostImageView.swift */,
				ED9F15DB2D2301E9001B8997 /* PostDescriptionView.swift */,
				ED7965792D233FFE000E22AF /* CommentsSectionView.swift */,
				ED89E0162D2D905700468E9B /* CommentView.swift */,
			);
			path = Views;
			sourceTree = "<group>";
		};
		EDC4E9F92D3050A90017B05F /* ViewModels */ = {
			isa = PBXGroup;
			children = (
				EDC4E9FA2D30523C0017B05F /* PostViewModel.swift */,
			);
			path = ViewModels;
			sourceTree = "<group>";
		};
/* End PBXGroup section */

/* Begin PBXNativeTarget section */
		ED19D3B62D20E9ED00518929 /* Instagram_Copy_Demo */ = {
			isa = PBXNativeTarget;
			buildConfigurationList = ED19D3C52D20E9EF00518929 /* Build configuration list for PBXNativeTarget "Instagram_Copy_Demo" */;
			buildPhases = (
				ED19D3B32D20E9ED00518929 /* Sources */,
				ED19D3B42D20E9ED00518929 /* Frameworks */,
				ED19D3B52D20E9ED00518929 /* Resources */,
			);
			buildRules = (
			);
			dependencies = (
			);
			name = Instagram_Copy_Demo;
			productName = Instagram_Copy_Demo;
			productReference = ED19D3B72D20E9ED00518929 /* Instagram_Copy_Demo.app */;
			productType = "com.apple.product-type.application";
		};
/* End PBXNativeTarget section */

/* Begin PBXProject section */
		ED19D3AF2D20E9ED00518929 /* Project object */ = {
			isa = PBXProject;
			attributes = {
				BuildIndependentTargetsInParallel = 1;
				LastSwiftUpdateCheck = 1520;
				LastUpgradeCheck = 1520;
				TargetAttributes = {
					ED19D3B62D20E9ED00518929 = {
						CreatedOnToolsVersion = 15.2;
					};
				};
			};
			buildConfigurationList = ED19D3B22D20E9ED00518929 /* Build configuration list for PBXProject "Instagram_Copy_Demo" */;
			compatibilityVersion = "Xcode 14.0";
			developmentRegion = en;
			hasScannedForEncodings = 0;
			knownRegions = (
				en,
				Base,
			);
			mainGroup = ED19D3AE2D20E9ED00518929;
			productRefGroup = ED19D3B82D20E9ED00518929 /* Products */;
			projectDirPath = "";
			projectRoot = "";
			targets = (
				ED19D3B62D20E9ED00518929 /* Instagram_Copy_Demo */,
			);
		};
/* End PBXProject section */

/* Begin PBXResourcesBuildPhase section */
		ED19D3B52D20E9ED00518929 /* Resources */ = {
			isa = PBXResourcesBuildPhase;
			buildActionMask = 2147483647;
			files = (
				ED19D3C22D20E9EF00518929 /* Preview Assets.xcassets in Resources */,
				ED19D3BF2D20E9EF00518929 /* Assets.xcassets in Resources */,
			);
			runOnlyForDeploymentPostprocessing = 0;
		};
/* End PBXResourcesBuildPhase section */

/* Begin PBXSourcesBuildPhase section */
		ED19D3B32D20E9ED00518929 /* Sources */ = {
			isa = PBXSourcesBuildPhase;
			buildActionMask = 2147483647;
			files = (
				EDC4E9FB2D30523C0017B05F /* PostViewModel.swift in Sources */,
				C142276E2D3BDFA3006329E0 /* PostModel.swift in Sources */,
				ED19D3BD2D20E9ED00518929 /* ContentView.swift in Sources */,
				8E8E68282D2B617B008CBB11 /* PostImageView.swift in Sources */,
				8E8E68292D2B617B008CBB11 /* HeaderView.swift in Sources */,
				ED7E1DBA2D35763400B87D88 /* InteractionInfo+Ext.swift in Sources */,
				ED9F15DC2D2301E9001B8997 /* PostDescriptionView.swift in Sources */,
				ED243B4A2D2B686000BE07FB /* InteractionInfo.swift in Sources */,
				ED79657A2D233FFE000E22AF /* CommentsSectionView.swift in Sources */,
				ED19D3BB2D20E9ED00518929 /* Instagram_Copy_DemoApp.swift in Sources */,
				C14227672D3A08F7006329E0 /* OptionsSheetView.swift in Sources */,
				C14227682D3A08F7006329E0 /* ProfileView.swift in Sources */,
				ED7965782D23349C000E22AF /* DateFormatterExt.swift in Sources */,
				ED89E0172D2D905700468E9B /* CommentView.swift in Sources */,
				ED4DC8EE2D2F11250029C5B9 /* Comment.swift in Sources */,
				ED243B492D2B686000BE07FB /* InteractionsBarView.swift in Sources */,
			);
			runOnlyForDeploymentPostprocessing = 0;
		};
/* End PBXSourcesBuildPhase section */

/* Begin XCBuildConfiguration section */
		ED19D3C32D20E9EF00518929 /* Debug */ = {
			isa = XCBuildConfiguration;
			buildSettings = {
				ALWAYS_SEARCH_USER_PATHS = NO;
				ASSETCATALOG_COMPILER_GENERATE_SWIFT_ASSET_SYMBOL_EXTENSIONS = YES;
				CLANG_ANALYZER_NONNULL = YES;
				CLANG_ANALYZER_NUMBER_OBJECT_CONVERSION = YES_AGGRESSIVE;
				CLANG_CXX_LANGUAGE_STANDARD = "gnu++20";
				CLANG_ENABLE_MODULES = YES;
				CLANG_ENABLE_OBJC_ARC = YES;
				CLANG_ENABLE_OBJC_WEAK = YES;
				CLANG_WARN_BLOCK_CAPTURE_AUTORELEASING = YES;
				CLANG_WARN_BOOL_CONVERSION = YES;
				CLANG_WARN_COMMA = YES;
				CLANG_WARN_CONSTANT_CONVERSION = YES;
				CLANG_WARN_DEPRECATED_OBJC_IMPLEMENTATIONS = YES;
				CLANG_WARN_DIRECT_OBJC_ISA_USAGE = YES_ERROR;
				CLANG_WARN_DOCUMENTATION_COMMENTS = YES;
				CLANG_WARN_EMPTY_BODY = YES;
				CLANG_WARN_ENUM_CONVERSION = YES;
				CLANG_WARN_INFINITE_RECURSION = YES;
				CLANG_WARN_INT_CONVERSION = YES;
				CLANG_WARN_NON_LITERAL_NULL_CONVERSION = YES;
				CLANG_WARN_OBJC_IMPLICIT_RETAIN_SELF = YES;
				CLANG_WARN_OBJC_LITERAL_CONVERSION = YES;
				CLANG_WARN_OBJC_ROOT_CLASS = YES_ERROR;
				CLANG_WARN_QUOTED_INCLUDE_IN_FRAMEWORK_HEADER = YES;
				CLANG_WARN_RANGE_LOOP_ANALYSIS = YES;
				CLANG_WARN_STRICT_PROTOTYPES = YES;
				CLANG_WARN_SUSPICIOUS_MOVE = YES;
				CLANG_WARN_UNGUARDED_AVAILABILITY = YES_AGGRESSIVE;
				CLANG_WARN_UNREACHABLE_CODE = YES;
				CLANG_WARN__DUPLICATE_METHOD_MATCH = YES;
				COPY_PHASE_STRIP = NO;
				DEBUG_INFORMATION_FORMAT = dwarf;
				ENABLE_STRICT_OBJC_MSGSEND = YES;
				ENABLE_TESTABILITY = YES;
				ENABLE_USER_SCRIPT_SANDBOXING = YES;
				GCC_C_LANGUAGE_STANDARD = gnu17;
				GCC_DYNAMIC_NO_PIC = NO;
				GCC_NO_COMMON_BLOCKS = YES;
				GCC_OPTIMIZATION_LEVEL = 0;
				GCC_PREPROCESSOR_DEFINITIONS = (
					"DEBUG=1",
					"$(inherited)",
				);
				GCC_WARN_64_TO_32_BIT_CONVERSION = YES;
				GCC_WARN_ABOUT_RETURN_TYPE = YES_ERROR;
				GCC_WARN_UNDECLARED_SELECTOR = YES;
				GCC_WARN_UNINITIALIZED_AUTOS = YES_AGGRESSIVE;
				GCC_WARN_UNUSED_FUNCTION = YES;
				GCC_WARN_UNUSED_VARIABLE = YES;
				IPHONEOS_DEPLOYMENT_TARGET = 16.0;
				LOCALIZATION_PREFERS_STRING_CATALOGS = YES;
				MTL_ENABLE_DEBUG_INFO = INCLUDE_SOURCE;
				MTL_FAST_MATH = YES;
				ONLY_ACTIVE_ARCH = YES;
				SDKROOT = iphoneos;
				SWIFT_ACTIVE_COMPILATION_CONDITIONS = "DEBUG $(inherited)";
				SWIFT_OPTIMIZATION_LEVEL = "-Onone";
			};
			name = Debug;
		};
		ED19D3C42D20E9EF00518929 /* Release */ = {
			isa = XCBuildConfiguration;
			buildSettings = {
				ALWAYS_SEARCH_USER_PATHS = NO;
				ASSETCATALOG_COMPILER_GENERATE_SWIFT_ASSET_SYMBOL_EXTENSIONS = YES;
				CLANG_ANALYZER_NONNULL = YES;
				CLANG_ANALYZER_NUMBER_OBJECT_CONVERSION = YES_AGGRESSIVE;
				CLANG_CXX_LANGUAGE_STANDARD = "gnu++20";
				CLANG_ENABLE_MODULES = YES;
				CLANG_ENABLE_OBJC_ARC = YES;
				CLANG_ENABLE_OBJC_WEAK = YES;
				CLANG_WARN_BLOCK_CAPTURE_AUTORELEASING = YES;
				CLANG_WARN_BOOL_CONVERSION = YES;
				CLANG_WARN_COMMA = YES;
				CLANG_WARN_CONSTANT_CONVERSION = YES;
				CLANG_WARN_DEPRECATED_OBJC_IMPLEMENTATIONS = YES;
				CLANG_WARN_DIRECT_OBJC_ISA_USAGE = YES_ERROR;
				CLANG_WARN_DOCUMENTATION_COMMENTS = YES;
				CLANG_WARN_EMPTY_BODY = YES;
				CLANG_WARN_ENUM_CONVERSION = YES;
				CLANG_WARN_INFINITE_RECURSION = YES;
				CLANG_WARN_INT_CONVERSION = YES;
				CLANG_WARN_NON_LITERAL_NULL_CONVERSION = YES;
				CLANG_WARN_OBJC_IMPLICIT_RETAIN_SELF = YES;
				CLANG_WARN_OBJC_LITERAL_CONVERSION = YES;
				CLANG_WARN_OBJC_ROOT_CLASS = YES_ERROR;
				CLANG_WARN_QUOTED_INCLUDE_IN_FRAMEWORK_HEADER = YES;
				CLANG_WARN_RANGE_LOOP_ANALYSIS = YES;
				CLANG_WARN_STRICT_PROTOTYPES = YES;
				CLANG_WARN_SUSPICIOUS_MOVE = YES;
				CLANG_WARN_UNGUARDED_AVAILABILITY = YES_AGGRESSIVE;
				CLANG_WARN_UNREACHABLE_CODE = YES;
				CLANG_WARN__DUPLICATE_METHOD_MATCH = YES;
				COPY_PHASE_STRIP = NO;
				DEBUG_INFORMATION_FORMAT = "dwarf-with-dsym";
				ENABLE_NS_ASSERTIONS = NO;
				ENABLE_STRICT_OBJC_MSGSEND = YES;
				ENABLE_USER_SCRIPT_SANDBOXING = YES;
				GCC_C_LANGUAGE_STANDARD = gnu17;
				GCC_NO_COMMON_BLOCKS = YES;
				GCC_WARN_64_TO_32_BIT_CONVERSION = YES;
				GCC_WARN_ABOUT_RETURN_TYPE = YES_ERROR;
				GCC_WARN_UNDECLARED_SELECTOR = YES;
				GCC_WARN_UNINITIALIZED_AUTOS = YES_AGGRESSIVE;
				GCC_WARN_UNUSED_FUNCTION = YES;
				GCC_WARN_UNUSED_VARIABLE = YES;
				IPHONEOS_DEPLOYMENT_TARGET = 16.0;
				LOCALIZATION_PREFERS_STRING_CATALOGS = YES;
				MTL_ENABLE_DEBUG_INFO = NO;
				MTL_FAST_MATH = YES;
				SDKROOT = iphoneos;
				SWIFT_COMPILATION_MODE = wholemodule;
				VALIDATE_PRODUCT = YES;
			};
			name = Release;
		};
		ED19D3C62D20E9EF00518929 /* Debug */ = {
			isa = XCBuildConfiguration;
			buildSettings = {
				ASSETCATALOG_COMPILER_APPICON_NAME = AppIcon;
				ASSETCATALOG_COMPILER_GLOBAL_ACCENT_COLOR_NAME = AccentColor;
				CODE_SIGN_STYLE = Automatic;
				CURRENT_PROJECT_VERSION = 1;
				DEVELOPMENT_ASSET_PATHS = "\"Instagram_Copy_Demo/Preview Content\"";
				ENABLE_PREVIEWS = YES;
				GENERATE_INFOPLIST_FILE = YES;
				INFOPLIST_KEY_UIApplicationSceneManifest_Generation = YES;
				INFOPLIST_KEY_UIApplicationSupportsIndirectInputEvents = YES;
				INFOPLIST_KEY_UILaunchScreen_Generation = YES;
				INFOPLIST_KEY_UISupportedInterfaceOrientations_iPad = "UIInterfaceOrientationPortrait UIInterfaceOrientationPortraitUpsideDown UIInterfaceOrientationLandscapeLeft UIInterfaceOrientationLandscapeRight";
				INFOPLIST_KEY_UISupportedInterfaceOrientations_iPhone = "UIInterfaceOrientationPortrait UIInterfaceOrientationLandscapeLeft UIInterfaceOrientationLandscapeRight";
				IPHONEOS_DEPLOYMENT_TARGET = 16.0;
				LD_RUNPATH_SEARCH_PATHS = (
					"$(inherited)",
					"@executable_path/Frameworks",
				);
				MARKETING_VERSION = 1.0;
				PRODUCT_BUNDLE_IDENTIFIER = "Daniel-Kim.Instagram-Copy-Demo";
				PRODUCT_NAME = "$(TARGET_NAME)";
				SWIFT_EMIT_LOC_STRINGS = YES;
				SWIFT_VERSION = 5.0;
				TARGETED_DEVICE_FAMILY = "1,2";
			};
			name = Debug;
		};
		ED19D3C72D20E9EF00518929 /* Release */ = {
			isa = XCBuildConfiguration;
			buildSettings = {
				ASSETCATALOG_COMPILER_APPICON_NAME = AppIcon;
				ASSETCATALOG_COMPILER_GLOBAL_ACCENT_COLOR_NAME = AccentColor;
				CODE_SIGN_STYLE = Automatic;
				CURRENT_PROJECT_VERSION = 1;
				DEVELOPMENT_ASSET_PATHS = "\"Instagram_Copy_Demo/Preview Content\"";
				ENABLE_PREVIEWS = YES;
				GENERATE_INFOPLIST_FILE = YES;
				INFOPLIST_KEY_UIApplicationSceneManifest_Generation = YES;
				INFOPLIST_KEY_UIApplicationSupportsIndirectInputEvents = YES;
				INFOPLIST_KEY_UILaunchScreen_Generation = YES;
				INFOPLIST_KEY_UISupportedInterfaceOrientations_iPad = "UIInterfaceOrientationPortrait UIInterfaceOrientationPortraitUpsideDown UIInterfaceOrientationLandscapeLeft UIInterfaceOrientationLandscapeRight";
				INFOPLIST_KEY_UISupportedInterfaceOrientations_iPhone = "UIInterfaceOrientationPortrait UIInterfaceOrientationLandscapeLeft UIInterfaceOrientationLandscapeRight";
				IPHONEOS_DEPLOYMENT_TARGET = 16.0;
				LD_RUNPATH_SEARCH_PATHS = (
					"$(inherited)",
					"@executable_path/Frameworks",
				);
				MARKETING_VERSION = 1.0;
				PRODUCT_BUNDLE_IDENTIFIER = "Daniel-Kim.Instagram-Copy-Demo";
				PRODUCT_NAME = "$(TARGET_NAME)";
				SWIFT_EMIT_LOC_STRINGS = YES;
				SWIFT_VERSION = 5.0;
				TARGETED_DEVICE_FAMILY = "1,2";
			};
			name = Release;
		};
/* End XCBuildConfiguration section */

/* Begin XCConfigurationList section */
		ED19D3B22D20E9ED00518929 /* Build configuration list for PBXProject "Instagram_Copy_Demo" */ = {
			isa = XCConfigurationList;
			buildConfigurations = (
				ED19D3C32D20E9EF00518929 /* Debug */,
				ED19D3C42D20E9EF00518929 /* Release */,
			);
			defaultConfigurationIsVisible = 0;
			defaultConfigurationName = Release;
		};
		ED19D3C52D20E9EF00518929 /* Build configuration list for PBXNativeTarget "Instagram_Copy_Demo" */ = {
			isa = XCConfigurationList;
			buildConfigurations = (
				ED19D3C62D20E9EF00518929 /* Debug */,
				ED19D3C72D20E9EF00518929 /* Release */,
			);
			defaultConfigurationIsVisible = 0;
			defaultConfigurationName = Release;
		};
/* End XCConfigurationList section */
	};
	rootObject = ED19D3AF2D20E9ED00518929 /* Project object */;
}
